{
  "version": 4,
  "terraform_version": "0.12.5",
  "serial": 4,
  "lineage": "37253104-91b3-5a77-b440-383eb9caac37",
  "outputs": {},
  "resources": [
    {
      "mode": "managed",
      "type": "aws_subnet",
      "name": "subnet1",
      "provider": "provider.aws",
      "instances": [
        {
          "schema_version": 1,
          "attributes": {
            "arn": "arn:aws:ec2:us-east-1:890908837848:subnet/subnet-04728ec9db0a0a4b0",
            "assign_ipv6_address_on_creation": false,
            "availability_zone": "us-east-1a",
            "availability_zone_id": "use1-az4",
            "cidr_block": "10.0.32.0/19",
            "id": "subnet-04728ec9db0a0a4b0",
            "ipv6_cidr_block": "",
            "ipv6_cidr_block_association_id": "",
            "map_public_ip_on_launch": false,
            "owner_id": "890908837848",
            "tags": null,
            "timeouts": null,
            "vpc_id": "vpc-0bf88e8905d39a740"
          },
          "private": "eyJlMmJmYjczMC1lY2FhLTExZTYtOGY4OC0zNDM2M2JjN2M0YzAiOnsiY3JlYXRlIjo2MDAwMDAwMDAwMDAsImRlbGV0ZSI6MTIwMDAwMDAwMDAwMH0sInNjaGVtYV92ZXJzaW9uIjoiMSJ9",
          "depends_on": [
            "aws_vpc.environment-example-two"
          ]
        }
      ]
    },
    {
      "mode": "managed",
      "type": "aws_vpc",
      "name": "environment-example-two",
      "provider": "provider.aws",
      "instances": [
        {
          "schema_version": 1,
          "attributes": {
            "arn": "arn:aws:ec2:us-east-1:890908837848:vpc/vpc-0bf88e8905d39a740",
            "assign_generated_ipv6_cidr_block": false,
            "cidr_block": "10.0.0.0/16",
            "default_network_acl_id": "acl-0ed748d4f293ed08a",
            "default_route_table_id": "rtb-052a55bac7f3708a9",
            "default_security_group_id": "sg-0b502b26f86002fec",
            "dhcp_options_id": "dopt-e117159a",
            "enable_classiclink": false,
            "enable_classiclink_dns_support": false,
            "enable_dns_hostnames": true,
            "enable_dns_support": true,
            "id": "vpc-0bf88e8905d39a740",
            "instance_tenancy": "default",
            "ipv6_association_id": "",
            "ipv6_cidr_block": "",
            "main_route_table_id": "rtb-052a55bac7f3708a9",
            "owner_id": "890908837848",
            "tags": {
              "Name": "terraform-aws-vps-example"
            }
          },
          "private": "eyJzY2hlbWFfdmVyc2lvbiI6IjEifQ=="
        }
      ]
    }
  ]
}
